// !$*UTF8*$!
{
	archiveVersion = 1;
	classes = {
	};
	objectVersion = 56;
	objects = {

/* Begin PBXBuildFile section */
		322A0B362DCB748300A3FDD0 /* AppDelegate.swift in Sources */ = {isa = PBXBuildFile; fileRef = 322A0B352DCB748300A3FDD0 /* AppDelegate.swift */; };
		322A0B382DCB748300A3FDD0 /* SceneDelegate.swift in Sources */ = {isa = PBXBuildFile; fileRef = 322A0B372DCB748300A3FDD0 /* SceneDelegate.swift */; };
		322A0B3A2DCB748300A3FDD0 /* ViewController.swift in Sources */ = {isa = PBXBuildFile; fileRef = 322A0B392DCB748300A3FDD0 /* ViewController.swift */; };
		322A0B3D2DCB748300A3FDD0 /* Main.storyboard in Resources */ = {isa = PBXBuildFile; fileRef = 322A0B3B2DCB748300A3FDD0 /* Main.storyboard */; };
		322A0B3F2DCB748500A3FDD0 /* Assets.xcassets in Resources */ = {isa = PBXBuildFile; fileRef = 322A0B3E2DCB748500A3FDD0 /* Assets.xcassets */; };
		322A0B422DCB748500A3FDD0 /* LaunchScreen.storyboard in Resources */ = {isa = PBXBuildFile; fileRef = 322A0B402DCB748500A3FDD0 /* LaunchScreen.storyboard */; };
		322A0B4B2DCB771900A3FDD0 /* DGCharts in Frameworks */ = {isa = PBXBuildFile; productRef = 322A0B4A2DCB771900A3FDD0 /* DGCharts */; };
		322A0B4F2DCB7AB300A3FDD0 /* Transaction.swift in Sources */ = {isa = PBXBuildFile; fileRef = 322A0B4E2DCB7AB300A3FDD0 /* Transaction.swift */; };
/* End PBXBuildFile section */

/* Begin PBXFileReference section */
		322A0B322DCB748300A3FDD0 /* elf_cuzdan.app */ = {isa = PBXFileReference; explicitFileType = wrapper.application; includeInIndex = 0; path = elf_cuzdan.app; sourceTree = BUILT_PRODUCTS_DIR; };
		322A0B352DCB748300A3FDD0 /* AppDelegate.swift */ = {isa = PBXFileReference; lastKnownFileType = sourcecode.swift; path = AppDelegate.swift; sourceTree = "<group>"; };
		322A0B372DCB748300A3FDD0 /* SceneDelegate.swift */ = {isa = PBXFileReference; lastKnownFileType = sourcecode.swift; path = SceneDelegate.swift; sourceTree = "<group>"; };
		322A0B392DCB748300A3FDD0 /* ViewController.swift */ = {isa = PBXFileReference; lastKnownFileType = sourcecode.swift; path = ViewController.swift; sourceTree = "<group>"; };
		322A0B3C2DCB748300A3FDD0 /* Base */ = {isa = PBXFileReference; lastKnownFileType = file.storyboard; name = Base; path = Base.lproj/Main.storyboard; sourceTree = "<group>"; };
		322A0B3E2DCB748500A3FDD0 /* Assets.xcassets */ = {isa = PBXFileReference; lastKnownFileType = folder.assetcatalog; path = Assets.xcassets; sourceTree = "<group>"; };
		322A0B412DCB748500A3FDD0 /* Base */ = {isa = PBXFileReference; lastKnownFileType = file.storyboard; name = Base; path = Base.lproj/LaunchScreen.storyboard; sourceTree = "<group>"; };
		322A0B432DCB748500A3FDD0 /* Info.plist */ = {isa = PBXFileReference; lastKnownFileType = text.plist.xml; path = Info.plist; sourceTree = "<group>"; };
		322A0B4E2DCB7AB300A3FDD0 /* Transaction.swift */ = {isa = PBXFileReference; lastKnownFileType = sourcecode.swift; path = Transaction.swift; sourceTree = "<group>"; };
/* End PBXFileReference section */

/* Begin PBXFrameworksBuildPhase section */
		322A0B2F2DCB748300A3FDD0 /* Frameworks */ = {
			isa = PBXFrameworksBuildPhase;
			buildActionMask = 2147483647;
			files = (
				322A0B4B2DCB771900A3FDD0 /* DGCharts in Frameworks */,
			);
			runOnlyForDeploymentPostprocessing = 0;
		};
/* End PBXFrameworksBuildPhase section */

/* Begin PBXGroup section */
		322A0B292DCB748300A3FDD0 = {
			isa = PBXGroup;
			children = (
				322A0B342DCB748300A3FDD0 /* elf_cuzdan */,
				322A0B332DCB748300A3FDD0 /* Products */,
			);
			sourceTree = "<group>";
		};
		322A0B332DCB748300A3FDD0 /* Products */ = {
			isa = PBXGroup;
			children = (
				322A0B322DCB748300A3FDD0 /* elf_cuzdan.app */,
			);
			name = Products;
			sourceTree = "<group>";
		};
		322A0B342DCB748300A3FDD0 /* elf_cuzdan */ = {
			isa = PBXGroup;
			children = (
				322A0B352DCB748300A3FDD0 /* AppDelegate.swift */,
				322A0B372DCB748300A3FDD0 /* SceneDelegate.swift */,
				322A0B392DCB748300A3FDD0 /* ViewController.swift */,
				322A0B3B2DCB748300A3FDD0 /* Main.storyboard */,
				322A0B3E2DCB748500A3FDD0 /* Assets.xcassets */,
				322A0B402DCB748500A3FDD0 /* LaunchScreen.storyboard */,
				322A0B432DCB748500A3FDD0 /* Info.plist */,
				322A0B4E2DCB7AB300A3FDD0 /* Transaction.swift */,
			);
			path = elf_cuzdan;
			sourceTree = "<group>";
		};
/* End PBXGroup section */

/* Begin PBXNativeTarget section */
		322A0B312DCB748300A3FDD0 /* elf_cuzdan */ = {
			isa = PBXNativeTarget;
			buildConfigurationList = 322A0B462DCB748500A3FDD0 /* Build configuration list for PBXNativeTarget "elf_cuzdan" */;
			buildPhases = (
				322A0B2E2DCB748300A3FDD0 /* Sources */,
				322A0B2F2DCB748300A3FDD0 /* Frameworks */,
				322A0B302DCB748300A3FDD0 /* Resources */,
			);
			buildRules = (
			);
			dependencies = (
			);
			name = elf_cuzdan;
			packageProductDependencies = (
				322A0B4A2DCB771900A3FDD0 /* DGCharts */,
			);
			productName = elf_cuzdan;
			productReference = 322A0B322DCB748300A3FDD0 /* elf_cuzdan.app */;
			productType = "com.apple.product-type.application";
		};
/* End PBXNativeTarget section */

/* Begin PBXProject section */
		322A0B2A2DCB748300A3FDD0 /* Project object */ = {
			isa = PBXProject;
			attributes = {
				BuildIndependentTargetsInParallel = 1;
				LastSwiftUpdateCheck = 1420;
				LastUpgradeCheck = 1420;
				TargetAttributes = {
					322A0B312DCB748300A3FDD0 = {
						CreatedOnToolsVersion = 14.2;
					};
				};
			};
			buildConfigurationList = 322A0B2D2DCB748300A3FDD0 /* Build configuration list for PBXProject "elf_cuzdan" */;
			compatibilityVersion = "Xcode 14.0";
			developmentRegion = en;
			hasScannedForEncodings = 0;
			knownRegions = (
				en,
				Base,
			);
			mainGroup = 322A0B292DCB748300A3FDD0;
			packageReferences = (
				322A0B492DCB771900A3FDD0 /* XCRemoteSwiftPackageReference "Charts" */,
			);
			productRefGroup = 322A0B332DCB748300A3FDD0 /* Products */;
			projectDirPath = "";
			projectRoot = "";
			targets = (
				322A0B312DCB748300A3FDD0 /* elf_cuzdan */,
			);
		};
/* End PBXProject section */

/* Begin PBXResourcesBuildPhase section */
		322A0B302DCB748300A3FDD0 /* Resources */ = {
			isa = PBXResourcesBuildPhase;
			buildActionMask = 2147483647;
			files = (
				322A0B422DCB748500A3FDD0 /* LaunchScreen.storyboard in Resources */,
				322A0B3F2DCB748500A3FDD0 /* Assets.xcassets in Resources */,
				322A0B3D2DCB748300A3FDD0 /* Main.storyboard in Resources */,
			);
			runOnlyForDeploymentPostprocessing = 0;
		};
/* End PBXResourcesBuildPhase section */

/* Begin PBXSourcesBuildPhase section */
		322A0B2E2DCB748300A3FDD0 /* Sources */ = {
			isa = PBXSourcesBuildPhase;
			buildActionMask = 2147483647;
			files = (
				322A0B3A2DCB748300A3FDD0 /* ViewController.swift in Sources */,
				322A0B362DCB748300A3FDD0 /* AppDelegate.swift in Sources */,
				322A0B382DCB748300A3FDD0 /* SceneDelegate.swift in Sources */,
				322A0B4F2DCB7AB300A3FDD0 /* Transaction.swift in Sources */,
			);
			runOnlyForDeploymentPostprocessing = 0;
		};
/* End PBXSourcesBuildPhase section */

/* Begin PBXVariantGroup section */
		322A0B3B2DCB748300A3FDD0 /* Main.storyboard */ = {
			isa = PBXVariantGroup;
			children = (
				322A0B3C2DCB748300A3FDD0 /* Base */,
			);
			name = Main.storyboard;
			sourceTree = "<group>";
		};
		322A0B402DCB748500A3FDD0 /* LaunchScreen.storyboard */ = {
			isa = PBXVariantGroup;
			children = (
				322A0B412DCB748500A3FDD0 /* Base */,
			);
			name = LaunchScreen.storyboard;
			sourceTree = "<group>";
		};
/* End PBXVariantGroup section */

/* Begin XCBuildConfiguration section */
		322A0B442DCB748500A3FDD0 /* Debug */ = {
			isa = XCBuildConfiguration;
			buildSettings = {
				ALWAYS_SEARCH_USER_PATHS = NO;
				CLANG_ANALYZER_NONNULL = YES;
				CLANG_ANALYZER_NUMBER_OBJECT_CONVERSION = YES_AGGRESSIVE;
				CLANG_CXX_LANGUAGE_STANDARD = "gnu++20";
				CLANG_ENABLE_MODULES = YES;
				CLANG_ENABLE_OBJC_ARC = YES;
				CLANG_ENABLE_OBJC_WEAK = YES;
				CLANG_WARN_BLOCK_CAPTURE_AUTORELEASING = YES;
				CLANG_WARN_BOOL_CONVERSION = YES;
				CLANG_WARN_COMMA = YES;
				CLANG_WARN_CONSTANT_CONVERSION = YES;
				CLANG_WARN_DEPRECATED_OBJC_IMPLEMENTATIONS = YES;
				CLANG_WARN_DIRECT_OBJC_ISA_USAGE = YES_ERROR;
				CLANG_WARN_DOCUMENTATION_COMMENTS = YES;
				CLANG_WARN_EMPTY_BODY = YES;
				CLANG_WARN_ENUM_CONVERSION = YES;
				CLANG_WARN_INFINITE_RECURSION = YES;
				CLANG_WARN_INT_CONVERSION = YES;
				CLANG_WARN_NON_LITERAL_NULL_CONVERSION = YES;
				CLANG_WARN_OBJC_IMPLICIT_RETAIN_SELF = YES;
				CLANG_WARN_OBJC_LITERAL_CONVERSION = YES;
				CLANG_WARN_OBJC_ROOT_CLASS = YES_ERROR;
				CLANG_WARN_QUOTED_INCLUDE_IN_FRAMEWORK_HEADER = YES;
				CLANG_WARN_RANGE_LOOP_ANALYSIS = YES;
				CLANG_WARN_STRICT_PROTOTYPES = YES;
				CLANG_WARN_SUSPICIOUS_MOVE = YES;
				CLANG_WARN_UNGUARDED_AVAILABILITY = YES_AGGRESSIVE;
				CLANG_WARN_UNREACHABLE_CODE = YES;
				CLANG_WARN__DUPLICATE_METHOD_MATCH = YES;
				COPY_PHASE_STRIP = NO;
				DEBUG_INFORMATION_FORMAT = dwarf;
				ENABLE_STRICT_OBJC_MSGSEND = YES;
				ENABLE_TESTABILITY = YES;
				GCC_C_LANGUAGE_STANDARD = gnu11;
				GCC_DYNAMIC_NO_PIC = NO;
				GCC_NO_COMMON_BLOCKS = YES;
				GCC_OPTIMIZATION_LEVEL = 0;
				GCC_PREPROCESSOR_DEFINITIONS = (
					"DEBUG=1",
					"$(inherited)",
				);
				GCC_WARN_64_TO_32_BIT_CONVERSION = YES;
				GCC_WARN_ABOUT_RETURN_TYPE = YES_ERROR;
				GCC_WARN_UNDECLARED_SELECTOR = YES;
				GCC_WARN_UNINITIALIZED_AUTOS = YES_AGGRESSIVE;
				GCC_WARN_UNUSED_FUNCTION = YES;
				GCC_WARN_UNUSED_VARIABLE = YES;
				IPHONEOS_DEPLOYMENT_TARGET = 16.2;
				MTL_ENABLE_DEBUG_INFO = INCLUDE_SOURCE;
				MTL_FAST_MATH = YES;
				ONLY_ACTIVE_ARCH = YES;
				SDKROOT = iphoneos;
				SWIFT_ACTIVE_COMPILATION_CONDITIONS = DEBUG;
				SWIFT_OPTIMIZATION_LEVEL = "-Onone";
			};
			name = Debug;
		};
		322A0B452DCB748500A3FDD0 /* Release */ = {
			isa = XCBuildConfiguration;
			buildSettings = {
				ALWAYS_SEARCH_USER_PATHS = NO;
				CLANG_ANALYZER_NONNULL = YES;
				CLANG_ANALYZER_NUMBER_OBJECT_CONVERSION = YES_AGGRESSIVE;
				CLANG_CXX_LANGUAGE_STANDARD = "gnu++20";
				CLANG_ENABLE_MODULES = YES;
				CLANG_ENABLE_OBJC_ARC = YES;
				CLANG_ENABLE_OBJC_WEAK = YES;
				CLANG_WARN_BLOCK_CAPTURE_AUTORELEASING = YES;
				CLANG_WARN_BOOL_CONVERSION = YES;
				CLANG_WARN_COMMA = YES;
				CLANG_WARN_CONSTANT_CONVERSION = YES;
				CLANG_WARN_DEPRECATED_OBJC_IMPLEMENTATIONS = YES;
				CLANG_WARN_DIRECT_OBJC_ISA_USAGE = YES_ERROR;
				CLANG_WARN_DOCUMENTATION_COMMENTS = YES;
				CLANG_WARN_EMPTY_BODY = YES;
				CLANG_WARN_ENUM_CONVERSION = YES;
				CLANG_WARN_INFINITE_RECURSION = YES;
				CLANG_WARN_INT_CONVERSION = YES;
				CLANG_WARN_NON_LITERAL_NULL_CONVERSION = YES;
				CLANG_WARN_OBJC_IMPLICIT_RETAIN_SELF = YES;
				CLANG_WARN_OBJC_LITERAL_CONVERSION = YES;
				CLANG_WARN_OBJC_ROOT_CLASS = YES_ERROR;
				CLANG_WARN_QUOTED_INCLUDE_IN_FRAMEWORK_HEADER = YES;
				CLANG_WARN_RANGE_LOOP_ANALYSIS = YES;
				CLANG_WARN_STRICT_PROTOTYPES = YES;
				CLANG_WARN_SUSPICIOUS_MOVE = YES;
				CLANG_WARN_UNGUARDED_AVAILABILITY = YES_AGGRESSIVE;
				CLANG_WARN_UNREACHABLE_CODE = YES;
				CLANG_WARN__DUPLICATE_METHOD_MATCH = YES;
				COPY_PHASE_STRIP = NO;
				DEBUG_INFORMATION_FORMAT = "dwarf-with-dsym";
				ENABLE_NS_ASSERTIONS = NO;
				ENABLE_STRICT_OBJC_MSGSEND = YES;
				GCC_C_LANGUAGE_STANDARD = gnu11;
				GCC_NO_COMMON_BLOCKS = YES;
				GCC_WARN_64_TO_32_BIT_CONVERSION = YES;
				GCC_WARN_ABOUT_RETURN_TYPE = YES_ERROR;
				GCC_WARN_UNDECLARED_SELECTOR = YES;
				GCC_WARN_UNINITIALIZED_AUTOS = YES_AGGRESSIVE;
				GCC_WARN_UNUSED_FUNCTION = YES;
				GCC_WARN_UNUSED_VARIABLE = YES;
				IPHONEOS_DEPLOYMENT_TARGET = 16.2;
				MTL_ENABLE_DEBUG_INFO = NO;
				MTL_FAST_MATH = YES;
				SDKROOT = iphoneos;
				SWIFT_COMPILATION_MODE = wholemodule;
				SWIFT_OPTIMIZATION_LEVEL = "-O";
				VALIDATE_PRODUCT = YES;
			};
			name = Release;
		};
		322A0B472DCB748500A3FDD0 /* Debug */ = {
			isa = XCBuildConfiguration;
			buildSettings = {
				ASSETCATALOG_COMPILER_APPICON_NAME = AppIcon;
				ASSETCATALOG_COMPILER_GLOBAL_ACCENT_COLOR_NAME = AccentColor;
				CODE_SIGN_STYLE = Automatic;
				CURRENT_PROJECT_VERSION = 1;
				GENERATE_INFOPLIST_FILE = YES;
				INFOPLIST_FILE = elf_cuzdan/Info.plist;
				INFOPLIST_KEY_UIApplicationSupportsIndirectInputEvents = YES;
				INFOPLIST_KEY_UILaunchStoryboardName = LaunchScreen;
				INFOPLIST_KEY_UIMainStoryboardFile = Main;
				INFOPLIST_KEY_UISupportedInterfaceOrientations_iPad = "UIInterfaceOrientationPortrait UIInterfaceOrientationPortraitUpsideDown UIInterfaceOrientationLandscapeLeft UIInterfaceOrientationLandscapeRight";
				INFOPLIST_KEY_UISupportedInterfaceOrientations_iPhone = "UIInterfaceOrientationPortrait UIInterfaceOrientationLandscapeLeft UIInterfaceOrientationLandscapeRight";
				LD_RUNPATH_SEARCH_PATHS = (
					"$(inherited)",
					"@executable_path/Frameworks",
				);
				MARKETING_VERSION = 1.0;
				PRODUCT_BUNDLE_IDENTIFIER = "trakyauni.mobiluygulama.elf-cuzdan";
				PRODUCT_NAME = "$(TARGET_NAME)";
				SWIFT_EMIT_LOC_STRINGS = YES;
				SWIFT_VERSION = 5.0;
				TARGETED_DEVICE_FAMILY = "1,2";
			};
			name = Debug;
		};
		322A0B482DCB748500A3FDD0 /* Release */ = {
			isa = XCBuildConfiguration;
			buildSettings = {
				ASSETCATALOG_COMPILER_APPICON_NAME = AppIcon;
				ASSETCATALOG_COMPILER_GLOBAL_ACCENT_COLOR_NAME = AccentColor;
				CODE_SIGN_STYLE = Automatic;
				CURRENT_PROJECT_VERSION = 1;
				GENERATE_INFOPLIST_FILE = YES;
				INFOPLIST_FILE = elf_cuzdan/Info.plist;
				INFOPLIST_KEY_UIApplicationSupportsIndirectInputEvents = YES;
				INFOPLIST_KEY_UILaunchStoryboardName = LaunchScreen;
				INFOPLIST_KEY_UIMainStoryboardFile = Main;
				INFOPLIST_KEY_UISupportedInterfaceOrientations_iPad = "UIInterfaceOrientationPortrait UIInterfaceOrientationPortraitUpsideDown UIInterfaceOrientationLandscapeLeft UIInterfaceOrientationLandscapeRight";
				INFOPLIST_KEY_UISupportedInterfaceOrientations_iPhone = "UIInterfaceOrientationPortrait UIInterfaceOrientationLandscapeLeft UIInterfaceOrientationLandscapeRight";
				LD_RUNPATH_SEARCH_PATHS = (
					"$(inherited)",
					"@executable_path/Frameworks",
				);
				MARKETING_VERSION = 1.0;
				PRODUCT_BUNDLE_IDENTIFIER = "trakyauni.mobiluygulama.elf-cuzdan";
				PRODUCT_NAME = "$(TARGET_NAME)";
				SWIFT_EMIT_LOC_STRINGS = YES;
				SWIFT_VERSION = 5.0;
				TARGETED_DEVICE_FAMILY = "1,2";
			};
			name = Release;
		};
/* End XCBuildConfiguration section */

/* Begin XCConfigurationList section */
		322A0B2D2DCB748300A3FDD0 /* Build configuration list for PBXProject "elf_cuzdan" */ = {
			isa = XCConfigurationList;
			buildConfigurations = (
				322A0B442DCB748500A3FDD0 /* Debug */,
				322A0B452DCB748500A3FDD0 /* Release */,
			);
			defaultConfigurationIsVisible = 0;
			defaultConfigurationName = Release;
		};
		322A0B462DCB748500A3FDD0 /* Build configuration list for PBXNativeTarget "elf_cuzdan" */ = {
			isa = XCConfigurationList;
			buildConfigurations = (
				322A0B472DCB748500A3FDD0 /* Debug */,
				322A0B482DCB748500A3FDD0 /* Release */,
			);
			defaultConfigurationIsVisible = 0;
			defaultConfigurationName = Release;
		};
/* End XCConfigurationList section */

/* Begin XCRemoteSwiftPackageReference section */
		322A0B492DCB771900A3FDD0 /* XCRemoteSwiftPackageReference "Charts" */ = {
			isa = XCRemoteSwiftPackageReference;
			repositoryURL = "https://github.com/danielgindi/Charts.git";
			requirement = {
				kind = upToNextMajorVersion;
				minimumVersion = 5.0.0;
			};
		};
/* End XCRemoteSwiftPackageReference section */

/* Begin XCSwiftPackageProductDependency section */
		322A0B4A2DCB771900A3FDD0 /* DGCharts */ = {
			isa = XCSwiftPackageProductDependency;
			package = 322A0B492DCB771900A3FDD0 /* XCRemoteSwiftPackageReference "Charts" */;
			productName = DGCharts;
		};
/* End XCSwiftPackageProductDependency section */
	};
	rootObject = 322A0B2A2DCB748300A3FDD0 /* Project object */;
}
